// !$*UTF8*$!
{
	archiveVersion = 1;
	classes = {
	};
	objectVersion = 56;
	objects = {

/* Begin PBXBuildFile section */
		DC5421FA2EE0B49E00CF965B /* RAGMenager.swift in Sources */ = {isa = PBXBuildFile; fileRef = DC5421F92EE0B49E00CF965B /* RAGMenager.swift */; };
		DC5422012EE253FC00CF965B /* ChatTabView.swift in Sources */ = {isa = PBXBuildFile; fileRef = DC5422002EE253FC00CF965B /* ChatTabView.swift */; };
		DC5422032EE2546D00CF965B /* NotesManagerView.swift in Sources */ = {isa = PBXBuildFile; fileRef = DC5422022EE2546D00CF965B /* NotesManagerView.swift */; };
		DCE95E452ED1DAF300B80939 /* test_AIApp.swift in Sources */ = {isa = PBXBuildFile; fileRef = DCE95E442ED1DAF300B80939 /* test_AIApp.swift */; };
		DCE95E472ED1DAF300B80939 /* ContentView.swift in Sources */ = {isa = PBXBuildFile; fileRef = DCE95E462ED1DAF300B80939 /* ContentView.swift */; };
		DCE95E492ED1DAF500B80939 /* Assets.xcassets in Resources */ = {isa = PBXBuildFile; fileRef = DCE95E482ED1DAF500B80939 /* Assets.xcassets */; };
		DCE95E4C2ED1DAF500B80939 /* Preview Assets.xcassets in Resources */ = {isa = PBXBuildFile; fileRef = DCE95E4B2ED1DAF500B80939 /* Preview Assets.xcassets */; };
		DCE95E542ED1DBD400B80939 /* OllamaService.swift in Sources */ = {isa = PBXBuildFile; fileRef = DCE95E532ED1DBD400B80939 /* OllamaService.swift */; };
		DCE95E562ED1E04F00B80939 /* Info.plist in Resources */ = {isa = PBXBuildFile; fileRef = DCE95E552ED1E04F00B80939 /* Info.plist */; };
		DCE95E5A2ED2067B00B80939 /* Model_Config.swift in Sources */ = {isa = PBXBuildFile; fileRef = DCE95E592ED2067B00B80939 /* Model_Config.swift */; };
		DCE95E5C2ED208BD00B80939 /* Chat_message.swift in Sources */ = {isa = PBXBuildFile; fileRef = DCE95E5B2ED208BD00B80939 /* Chat_message.swift */; };
/* End PBXBuildFile section */

/* Begin PBXFileReference section */
		DC5421F92EE0B49E00CF965B /* RAGMenager.swift */ = {isa = PBXFileReference; lastKnownFileType = sourcecode.swift; path = RAGMenager.swift; sourceTree = "<group>"; };
		DC5422002EE253FC00CF965B /* ChatTabView.swift */ = {isa = PBXFileReference; lastKnownFileType = sourcecode.swift; path = ChatTabView.swift; sourceTree = "<group>"; };
		DC5422022EE2546D00CF965B /* NotesManagerView.swift */ = {isa = PBXFileReference; lastKnownFileType = sourcecode.swift; path = NotesManagerView.swift; sourceTree = "<group>"; };
		DCE95E412ED1DAF300B80939 /* AI_chat_rag_V2.app */ = {isa = PBXFileReference; explicitFileType = wrapper.application; includeInIndex = 0; path = AI_chat_rag_V2.app; sourceTree = BUILT_PRODUCTS_DIR; };
		DCE95E442ED1DAF300B80939 /* test_AIApp.swift */ = {isa = PBXFileReference; lastKnownFileType = sourcecode.swift; path = test_AIApp.swift; sourceTree = "<group>"; };
		DCE95E462ED1DAF300B80939 /* ContentView.swift */ = {isa = PBXFileReference; lastKnownFileType = sourcecode.swift; path = ContentView.swift; sourceTree = "<group>"; };
		DCE95E482ED1DAF500B80939 /* Assets.xcassets */ = {isa = PBXFileReference; lastKnownFileType = folder.assetcatalog; path = Assets.xcassets; sourceTree = "<group>"; };
		DCE95E4B2ED1DAF500B80939 /* Preview Assets.xcassets */ = {isa = PBXFileReference; lastKnownFileType = folder.assetcatalog; path = "Preview Assets.xcassets"; sourceTree = "<group>"; };
		DCE95E4D2ED1DAF500B80939 /* test_AI.entitlements */ = {isa = PBXFileReference; lastKnownFileType = text.plist.entitlements; path = test_AI.entitlements; sourceTree = "<group>"; };
		DCE95E532ED1DBD400B80939 /* OllamaService.swift */ = {isa = PBXFileReference; lastKnownFileType = sourcecode.swift; path = OllamaService.swift; sourceTree = "<group>"; };
		DCE95E552ED1E04F00B80939 /* Info.plist */ = {isa = PBXFileReference; lastKnownFileType = text.plist.xml; path = Info.plist; sourceTree = "<group>"; };
		DCE95E592ED2067B00B80939 /* Model_Config.swift */ = {isa = PBXFileReference; lastKnownFileType = sourcecode.swift; path = Model_Config.swift; sourceTree = "<group>"; };
		DCE95E5B2ED208BD00B80939 /* Chat_message.swift */ = {isa = PBXFileReference; lastKnownFileType = sourcecode.swift; path = Chat_message.swift; sourceTree = "<group>"; };
/* End PBXFileReference section */

/* Begin PBXFrameworksBuildPhase section */
		DCE95E3E2ED1DAF300B80939 /* Frameworks */ = {
			isa = PBXFrameworksBuildPhase;
			buildActionMask = 2147483647;
			files = (
			);
			runOnlyForDeploymentPostprocessing = 0;
		};
/* End PBXFrameworksBuildPhase section */

/* Begin PBXGroup section */
		DCE95E382ED1DAF300B80939 = {
			isa = PBXGroup;
			children = (
				DCE95E552ED1E04F00B80939 /* Info.plist */,
				DCE95E432ED1DAF300B80939 /* test_AI */,
				DCE95E422ED1DAF300B80939 /* Products */,
			);
			sourceTree = "<group>";
		};
		DCE95E422ED1DAF300B80939 /* Products */ = {
			isa = PBXGroup;
			children = (
				DCE95E412ED1DAF300B80939 /* AI_chat_rag_V2.app */,
			);
			name = Products;
			sourceTree = "<group>";
		};
		DCE95E432ED1DAF300B80939 /* test_AI */ = {
			isa = PBXGroup;
			children = (
				DCE95E442ED1DAF300B80939 /* test_AIApp.swift */,
				DCE95E462ED1DAF300B80939 /* ContentView.swift */,
				DCE95E532ED1DBD400B80939 /* OllamaService.swift */,
				DCE95E5B2ED208BD00B80939 /* Chat_message.swift */,
				DCE95E592ED2067B00B80939 /* Model_Config.swift */,
				DC5421F92EE0B49E00CF965B /* RAGMenager.swift */,
				DCE95E482ED1DAF500B80939 /* Assets.xcassets */,
				DCE95E4D2ED1DAF500B80939 /* test_AI.entitlements */,
				DCE95E4A2ED1DAF500B80939 /* Preview Content */,
				DC5422002EE253FC00CF965B /* ChatTabView.swift */,
				DC5422022EE2546D00CF965B /* NotesManagerView.swift */,
			);
			path = test_AI;
			sourceTree = "<group>";
		};
		DCE95E4A2ED1DAF500B80939 /* Preview Content */ = {
			isa = PBXGroup;
			children = (
				DCE95E4B2ED1DAF500B80939 /* Preview Assets.xcassets */,
			);
			path = "Preview Content";
			sourceTree = "<group>";
		};
/* End PBXGroup section */

/* Begin PBXNativeTarget section */
		DCE95E402ED1DAF300B80939 /* AI_chat_rag_V2 */ = {
			isa = PBXNativeTarget;
			buildConfigurationList = DCE95E502ED1DAF500B80939 /* Build configuration list for PBXNativeTarget "AI_chat_rag_V2" */;
			buildPhases = (
				DCE95E3D2ED1DAF300B80939 /* Sources */,
				DCE95E3E2ED1DAF300B80939 /* Frameworks */,
				DCE95E3F2ED1DAF300B80939 /* Resources */,
			);
			buildRules = (
			);
			dependencies = (
			);
			name = AI_chat_rag_V2;
			productName = test_AI;
			productReference = DCE95E412ED1DAF300B80939 /* AI_chat_rag_V2.app */;
			productType = "com.apple.product-type.application";
		};
/* End PBXNativeTarget section */

/* Begin PBXProject section */
		DCE95E392ED1DAF300B80939 /* Project object */ = {
			isa = PBXProject;
			attributes = {
				BuildIndependentTargetsInParallel = 1;
				LastSwiftUpdateCheck = 1420;
				LastUpgradeCheck = 1420;
				TargetAttributes = {
					DCE95E402ED1DAF300B80939 = {
						CreatedOnToolsVersion = 14.2;
					};
				};
			};
			buildConfigurationList = DCE95E3C2ED1DAF300B80939 /* Build configuration list for PBXProject "AI_chat_rag_V2" */;
			compatibilityVersion = "Xcode 14.0";
			developmentRegion = en;
			hasScannedForEncodings = 0;
			knownRegions = (
				en,
				Base,
			);
			mainGroup = DCE95E382ED1DAF300B80939;
			productRefGroup = DCE95E422ED1DAF300B80939 /* Products */;
			projectDirPath = "";
			projectRoot = "";
			targets = (
				DCE95E402ED1DAF300B80939 /* AI_chat_rag_V2 */,
			);
		};
/* End PBXProject section */

/* Begin PBXResourcesBuildPhase section */
		DCE95E3F2ED1DAF300B80939 /* Resources */ = {
			isa = PBXResourcesBuildPhase;
			buildActionMask = 2147483647;
			files = (
				DCE95E4C2ED1DAF500B80939 /* Preview Assets.xcassets in Resources */,
				DCE95E492ED1DAF500B80939 /* Assets.xcassets in Resources */,
				DCE95E562ED1E04F00B80939 /* Info.plist in Resources */,
			);
			runOnlyForDeploymentPostprocessing = 0;
		};
/* End PBXResourcesBuildPhase section */

/* Begin PBXSourcesBuildPhase section */
		DCE95E3D2ED1DAF300B80939 /* Sources */ = {
			isa = PBXSourcesBuildPhase;
			buildActionMask = 2147483647;
			files = (
				DC5422032EE2546D00CF965B /* NotesManagerView.swift in Sources */,
				DCE95E5C2ED208BD00B80939 /* Chat_message.swift in Sources */,
				DCE95E542ED1DBD400B80939 /* OllamaService.swift in Sources */,
				DCE95E472ED1DAF300B80939 /* ContentView.swift in Sources */,
				DCE95E452ED1DAF300B80939 /* test_AIApp.swift in Sources */,
				DC5421FA2EE0B49E00CF965B /* RAGMenager.swift in Sources */,
				DCE95E5A2ED2067B00B80939 /* Model_Config.swift in Sources */,
				DC5422012EE253FC00CF965B /* ChatTabView.swift in Sources */,
			);
			runOnlyForDeploymentPostprocessing = 0;
		};
/* End PBXSourcesBuildPhase section */

/* Begin XCBuildConfiguration section */
		DCE95E4E2ED1DAF500B80939 /* Debug */ = {
			isa = XCBuildConfiguration;
			buildSettings = {
				ALWAYS_SEARCH_USER_PATHS = NO;
				CLANG_ANALYZER_NONNULL = YES;
				CLANG_ANALYZER_NUMBER_OBJECT_CONVERSION = YES_AGGRESSIVE;
				CLANG_CXX_LANGUAGE_STANDARD = "gnu++20";
				CLANG_ENABLE_MODULES = YES;
				CLANG_ENABLE_OBJC_ARC = YES;
				CLANG_ENABLE_OBJC_WEAK = YES;
				CLANG_WARN_BLOCK_CAPTURE_AUTORELEASING = YES;
				CLANG_WARN_BOOL_CONVERSION = YES;
				CLANG_WARN_COMMA = YES;
				CLANG_WARN_CONSTANT_CONVERSION = YES;
				CLANG_WARN_DEPRECATED_OBJC_IMPLEMENTATIONS = YES;
				CLANG_WARN_DIRECT_OBJC_ISA_USAGE = YES_ERROR;
				CLANG_WARN_DOCUMENTATION_COMMENTS = YES;
				CLANG_WARN_EMPTY_BODY = YES;
				CLANG_WARN_ENUM_CONVERSION = YES;
				CLANG_WARN_INFINITE_RECURSION = YES;
				CLANG_WARN_INT_CONVERSION = YES;
				CLANG_WARN_NON_LITERAL_NULL_CONVERSION = YES;
				CLANG_WARN_OBJC_IMPLICIT_RETAIN_SELF = YES;
				CLANG_WARN_OBJC_LITERAL_CONVERSION = YES;
				CLANG_WARN_OBJC_ROOT_CLASS = YES_ERROR;
				CLANG_WARN_QUOTED_INCLUDE_IN_FRAMEWORK_HEADER = YES;
				CLANG_WARN_RANGE_LOOP_ANALYSIS = YES;
				CLANG_WARN_STRICT_PROTOTYPES = YES;
				CLANG_WARN_SUSPICIOUS_MOVE = YES;
				CLANG_WARN_UNGUARDED_AVAILABILITY = YES_AGGRESSIVE;
				CLANG_WARN_UNREACHABLE_CODE = YES;
				CLANG_WARN__DUPLICATE_METHOD_MATCH = YES;
				COPY_PHASE_STRIP = NO;
				DEBUG_INFORMATION_FORMAT = dwarf;
				ENABLE_STRICT_OBJC_MSGSEND = YES;
				ENABLE_TESTABILITY = YES;
				GCC_C_LANGUAGE_STANDARD = gnu11;
				GCC_DYNAMIC_NO_PIC = NO;
				GCC_NO_COMMON_BLOCKS = YES;
				GCC_OPTIMIZATION_LEVEL = 0;
				GCC_PREPROCESSOR_DEFINITIONS = (
					"DEBUG=1",
					"$(inherited)",
				);
				GCC_WARN_64_TO_32_BIT_CONVERSION = YES;
				GCC_WARN_ABOUT_RETURN_TYPE = YES_ERROR;
				GCC_WARN_UNDECLARED_SELECTOR = YES;
				GCC_WARN_UNINITIALIZED_AUTOS = YES_AGGRESSIVE;
				GCC_WARN_UNUSED_FUNCTION = YES;
				GCC_WARN_UNUSED_VARIABLE = YES;
				MACOSX_DEPLOYMENT_TARGET = 12.7;
				MTL_ENABLE_DEBUG_INFO = INCLUDE_SOURCE;
				MTL_FAST_MATH = YES;
				ONLY_ACTIVE_ARCH = YES;
				SDKROOT = macosx;
				SWIFT_ACTIVE_COMPILATION_CONDITIONS = DEBUG;
				SWIFT_OPTIMIZATION_LEVEL = "-Onone";
			};
			name = Debug;
		};
		DCE95E4F2ED1DAF500B80939 /* Release */ = {
			isa = XCBuildConfiguration;
			buildSettings = {
				ALWAYS_SEARCH_USER_PATHS = NO;
				CLANG_ANALYZER_NONNULL = YES;
				CLANG_ANALYZER_NUMBER_OBJECT_CONVERSION = YES_AGGRESSIVE;
				CLANG_CXX_LANGUAGE_STANDARD = "gnu++20";
				CLANG_ENABLE_MODULES = YES;
				CLANG_ENABLE_OBJC_ARC = YES;
				CLANG_ENABLE_OBJC_WEAK = YES;
				CLANG_WARN_BLOCK_CAPTURE_AUTORELEASING = YES;
				CLANG_WARN_BOOL_CONVERSION = YES;
				CLANG_WARN_COMMA = YES;
				CLANG_WARN_CONSTANT_CONVERSION = YES;
				CLANG_WARN_DEPRECATED_OBJC_IMPLEMENTATIONS = YES;
				CLANG_WARN_DIRECT_OBJC_ISA_USAGE = YES_ERROR;
				CLANG_WARN_DOCUMENTATION_COMMENTS = YES;
				CLANG_WARN_EMPTY_BODY = YES;
				CLANG_WARN_ENUM_CONVERSION = YES;
				CLANG_WARN_INFINITE_RECURSION = YES;
				CLANG_WARN_INT_CONVERSION = YES;
				CLANG_WARN_NON_LITERAL_NULL_CONVERSION = YES;
				CLANG_WARN_OBJC_IMPLICIT_RETAIN_SELF = YES;
				CLANG_WARN_OBJC_LITERAL_CONVERSION = YES;
				CLANG_WARN_OBJC_ROOT_CLASS = YES_ERROR;
				CLANG_WARN_QUOTED_INCLUDE_IN_FRAMEWORK_HEADER = YES;
				CLANG_WARN_RANGE_LOOP_ANALYSIS = YES;
				CLANG_WARN_STRICT_PROTOTYPES = YES;
				CLANG_WARN_SUSPICIOUS_MOVE = YES;
				CLANG_WARN_UNGUARDED_AVAILABILITY = YES_AGGRESSIVE;
				CLANG_WARN_UNREACHABLE_CODE = YES;
				CLANG_WARN__DUPLICATE_METHOD_MATCH = YES;
				COPY_PHASE_STRIP = NO;
				DEBUG_INFORMATION_FORMAT = "dwarf-with-dsym";
				ENABLE_NS_ASSERTIONS = NO;
				ENABLE_STRICT_OBJC_MSGSEND = YES;
				GCC_C_LANGUAGE_STANDARD = gnu11;
				GCC_NO_COMMON_BLOCKS = YES;
				GCC_WARN_64_TO_32_BIT_CONVERSION = YES;
				GCC_WARN_ABOUT_RETURN_TYPE = YES_ERROR;
				GCC_WARN_UNDECLARED_SELECTOR = YES;
				GCC_WARN_UNINITIALIZED_AUTOS = YES_AGGRESSIVE;
				GCC_WARN_UNUSED_FUNCTION = YES;
				GCC_WARN_UNUSED_VARIABLE = YES;
				MACOSX_DEPLOYMENT_TARGET = 12.7;
				MTL_ENABLE_DEBUG_INFO = NO;
				MTL_FAST_MATH = YES;
				SDKROOT = macosx;
				SWIFT_COMPILATION_MODE = wholemodule;
				SWIFT_OPTIMIZATION_LEVEL = "-O";
			};
			name = Release;
		};
		DCE95E512ED1DAF500B80939 /* Debug */ = {
			isa = XCBuildConfiguration;
			buildSettings = {
				ASSETCATALOG_COMPILER_APPICON_NAME = AppIcon;
				ASSETCATALOG_COMPILER_GLOBAL_ACCENT_COLOR_NAME = AccentColor;
				CODE_SIGN_ENTITLEMENTS = test_AI/test_AI.entitlements;
				CODE_SIGN_STYLE = Automatic;
				COMBINE_HIDPI_IMAGES = YES;
				CURRENT_PROJECT_VERSION = 1;
				DEVELOPMENT_ASSET_PATHS = "\"test_AI/Preview Content\"";
				ENABLE_PREVIEWS = YES;
				GENERATE_INFOPLIST_FILE = YES;
				INFOPLIST_KEY_NSHumanReadableCopyright = "";
				LD_RUNPATH_SEARCH_PATHS = (
					"$(inherited)",
					"@executable_path/../Frameworks",
				);
				MARKETING_VERSION = 1.0;
				PRODUCT_BUNDLE_IDENTIFIER = "com.spagi.test-AI";
				PRODUCT_NAME = "$(TARGET_NAME)";
				SWIFT_EMIT_LOC_STRINGS = YES;
				SWIFT_VERSION = 5.0;
			};
			name = Debug;
		};
		DCE95E522ED1DAF500B80939 /* Release */ = {
			isa = XCBuildConfiguration;
			buildSettings = {
				ASSETCATALOG_COMPILER_APPICON_NAME = AppIcon;
				ASSETCATALOG_COMPILER_GLOBAL_ACCENT_COLOR_NAME = AccentColor;
				CODE_SIGN_ENTITLEMENTS = test_AI/test_AI.entitlements;
				CODE_SIGN_STYLE = Automatic;
				COMBINE_HIDPI_IMAGES = YES;
				CURRENT_PROJECT_VERSION = 1;
				DEVELOPMENT_ASSET_PATHS = "\"test_AI/Preview Content\"";
				ENABLE_PREVIEWS = YES;
				GENERATE_INFOPLIST_FILE = YES;
				INFOPLIST_KEY_NSHumanReadableCopyright = "";
				LD_RUNPATH_SEARCH_PATHS = (
					"$(inherited)",
					"@executable_path/../Frameworks",
				);
				MARKETING_VERSION = 1.0;
				PRODUCT_BUNDLE_IDENTIFIER = "com.spagi.test-AI";
				PRODUCT_NAME = "$(TARGET_NAME)";
				SWIFT_EMIT_LOC_STRINGS = YES;
				SWIFT_VERSION = 5.0;
			};
			name = Release;
		};
/* End XCBuildConfiguration section */

/* Begin XCConfigurationList section */
		DCE95E3C2ED1DAF300B80939 /* Build configuration list for PBXProject "AI_chat_rag_V2" */ = {
			isa = XCConfigurationList;
			buildConfigurations = (
				DCE95E4E2ED1DAF500B80939 /* Debug */,
				DCE95E4F2ED1DAF500B80939 /* Release */,
			);
			defaultConfigurationIsVisible = 0;
			defaultConfigurationName = Release;
		};
		DCE95E502ED1DAF500B80939 /* Build configuration list for PBXNativeTarget "AI_chat_rag_V2" */ = {
			isa = XCConfigurationList;
			buildConfigurations = (
				DCE95E512ED1DAF500B80939 /* Debug */,
				DCE95E522ED1DAF500B80939 /* Release */,
			);
			defaultConfigurationIsVisible = 0;
			defaultConfigurationName = Release;
		};
/* End XCConfigurationList section */
	};
	rootObject = DCE95E392ED1DAF300B80939 /* Project object */;
}
